{
  "name": "@winkgroup/cron",
  "version": "1.0.0",
  "lockfileVersion": 2,
  "requires": true,
  "packages": {
    "": {
      "name": "@winkgroup/cron",
      "version": "1.0.0",
      "license": "MIT",
      "dependencies": {
        "@winkgroup/console-log": "^1.0.1"
      },
      "devDependencies": {
        "@types/node": "^18.6.5",
        "typescript": "^4.7.4"
      }
    },
    "node_modules/@types/node": {
      "version": "18.6.5",
      "resolved": "https://registry.npmjs.org/@types/node/-/node-18.6.5.tgz",
      "integrity": "sha512-Xjt5ZGUa5WusGZJ4WJPbOT8QOqp6nDynVFRKcUt32bOgvXEoc6o085WNkYTMO7ifAj2isEfQQ2cseE+wT6jsRw==",
      "dev": true
    },
    "node_modules/@winkgroup/console-log": {
      "version": "1.0.1",
      "resolved": "https://registry.npmjs.org/@winkgroup/console-log/-/console-log-1.0.1.tgz",
      "integrity": "sha512-1M4E20yz7WRlBh6ohHEz8Mf1SUSRsb6wDDUFwddgutKqF3vtTz5pJFq7FccCnriC+9rC9q909rEl1EzqFLRyQQ==",
      "dependencies": {
        "@winkgroup/misc": "^1.5.3",
        "chalk": "^5.0.1",
        "lodash": "^4.17.21",
        "type-fest": "^2.18.0"
      }
    },
    "node_modules/@winkgroup/misc": {
      "version": "1.5.3",
      "resolved": "https://registry.npmjs.org/@winkgroup/misc/-/misc-1.5.3.tgz",
      "integrity": "sha512-1nEOs9WoQ8CDbvIURux6aqdNI/1QB8lwLs5RECfJKuD6FtDW4leK3pdShnYecbegCBGQEyu/dh/FVrKJD2qqag=="
    },
    "node_modules/chalk": {
      "version": "5.0.1",
      "resolved": "https://registry.npmjs.org/chalk/-/chalk-5.0.1.tgz",
      "integrity": "sha512-Fo07WOYGqMfCWHOzSXOt2CxDbC6skS/jO9ynEcmpANMoPrD+W1r1K6Vx7iNm+AQmETU1Xr2t+n8nzkV9t6xh3w==",
      "engines": {
        "node": "^12.17.0 || ^14.13 || >=16.0.0"
      },
      "funding": {
        "url": "https://github.com/chalk/chalk?sponsor=1"
      }
    },
    "node_modules/lodash": {
      "version": "4.17.21",
      "resolved": "https://registry.npmjs.org/lodash/-/lodash-4.17.21.tgz",
      "integrity": "sha512-v2kDEe57lecTulaDIuNTPy3Ry4gLGJ6Z1O3vE1krgXZNrsQ+LFTGHVxVjcXPs17LhbZVGedAJv8XZ1tvj5FvSg=="
    },
    "node_modules/type-fest": {
      "version": "2.18.0",
      "resolved": "https://registry.npmjs.org/type-fest/-/type-fest-2.18.0.tgz",
      "integrity": "sha512-pRS+/yrW5TjPPHNOvxhbNZexr2bS63WjrMU8a+VzEBhUi9Tz1pZeD+vQz3ut0svZ46P+SRqMEPnJmk2XnvNzTw==",
      "engines": {
        "node": ">=12.20"
      },
      "funding": {
        "url": "https://github.com/sponsors/sindresorhus"
      }
    },
    "node_modules/typescript": {
      "version": "4.7.4",
      "resolved": "https://registry.npmjs.org/typescript/-/typescript-4.7.4.tgz",
      "integrity": "sha512-C0WQT0gezHuw6AdY1M2jxUO83Rjf0HP7Sk1DtXj6j1EwkQNZrHAg2XPWlq62oqEhYvONq5pkC2Y9oPljWToLmQ==",
      "dev": true,
      "bin": {
        "tsc": "bin/tsc",
        "tsserver": "bin/tsserver"
      },
      "engines": {
        "node": ">=4.2.0"
      }
    }
  },
  "dependencies": {
    "@types/node": {
      "version": "18.6.5",
      "resolved": "https://registry.npmjs.org/@types/node/-/node-18.6.5.tgz",
      "integrity": "sha512-Xjt5ZGUa5WusGZJ4WJPbOT8QOqp6nDynVFRKcUt32bOgvXEoc6o085WNkYTMO7ifAj2isEfQQ2cseE+wT6jsRw==",
      "dev": true
    },
    "@winkgroup/console-log": {
      "version": "1.0.1",
      "resolved": "https://registry.npmjs.org/@winkgroup/console-log/-/console-log-1.0.1.tgz",
      "integrity": "sha512-1M4E20yz7WRlBh6ohHEz8Mf1SUSRsb6wDDUFwddgutKqF3vtTz5pJFq7FccCnriC+9rC9q909rEl1EzqFLRyQQ==",
      "requires": {
        "@winkgroup/misc": "^1.5.3",
        "chalk": "^5.0.1",
        "lodash": "^4.17.21",
        "type-fest": "^2.18.0"
      }
    },
    "@winkgroup/misc": {
      "version": "1.5.3",
      "resolved": "https://registry.npmjs.org/@winkgroup/misc/-/misc-1.5.3.tgz",
      "integrity": "sha512-1nEOs9WoQ8CDbvIURux6aqdNI/1QB8lwLs5RECfJKuD6FtDW4leK3pdShnYecbegCBGQEyu/dh/FVrKJD2qqag=="
    },
    "chalk": {
      "version": "5.0.1",
      "resolved": "https://registry.npmjs.org/chalk/-/chalk-5.0.1.tgz",
      "integrity": "sha512-Fo07WOYGqMfCWHOzSXOt2CxDbC6skS/jO9ynEcmpANMoPrD+W1r1K6Vx7iNm+AQmETU1Xr2t+n8nzkV9t6xh3w=="
    },
    "lodash": {
      "version": "4.17.21",
      "resolved": "https://registry.npmjs.org/lodash/-/lodash-4.17.21.tgz",
      "integrity": "sha512-v2kDEe57lecTulaDIuNTPy3Ry4gLGJ6Z1O3vE1krgXZNrsQ+LFTGHVxVjcXPs17LhbZVGedAJv8XZ1tvj5FvSg=="
    },
    "type-fest": {
      "version": "2.18.0",
      "resolved": "https://registry.npmjs.org/type-fest/-/type-fest-2.18.0.tgz",
      "integrity": "sha512-pRS+/yrW5TjPPHNOvxhbNZexr2bS63WjrMU8a+VzEBhUi9Tz1pZeD+vQz3ut0svZ46P+SRqMEPnJmk2XnvNzTw=="
    },
    "typescript": {
      "version": "4.7.4",
      "resolved": "https://registry.npmjs.org/typescript/-/typescript-4.7.4.tgz",
      "integrity": "sha512-C0WQT0gezHuw6AdY1M2jxUO83Rjf0HP7Sk1DtXj6j1EwkQNZrHAg2XPWlq62oqEhYvONq5pkC2Y9oPljWToLmQ==",
      "dev": true
    }
  }
}
